// !$*UTF8*$!
{
	archiveVersion = 1;
	classes = {
	};
	objectVersion = 56;
	objects = {

/* Begin PBXBuildFile section */
		7F094A5F2C1BBB6300E5226D /* EeseApp.swift in Sources */ = {isa = PBXBuildFile; fileRef = 7F094A5E2C1BBB6300E5226D /* EeseApp.swift */; };
		7F094A612C1BBB6300E5226D /* ContentView.swift in Sources */ = {isa = PBXBuildFile; fileRef = 7F094A602C1BBB6300E5226D /* ContentView.swift */; };
		7F094A632C1BBB6500E5226D /* Assets.xcassets in Resources */ = {isa = PBXBuildFile; fileRef = 7F094A622C1BBB6500E5226D /* Assets.xcassets */; };
		7F094A662C1BBB6500E5226D /* Preview Assets.xcassets in Resources */ = {isa = PBXBuildFile; fileRef = 7F094A652C1BBB6500E5226D /* Preview Assets.xcassets */; };
		7F094A702C1BBB6500E5226D /* EeseTests.swift in Sources */ = {isa = PBXBuildFile; fileRef = 7F094A6F2C1BBB6500E5226D /* EeseTests.swift */; };
		7F094A7A2C1BBB6500E5226D /* EeseUITests.swift in Sources */ = {isa = PBXBuildFile; fileRef = 7F094A792C1BBB6500E5226D /* EeseUITests.swift */; };
		7F094A7C2C1BBB6500E5226D /* EeseUITestsLaunchTests.swift in Sources */ = {isa = PBXBuildFile; fileRef = 7F094A7B2C1BBB6500E5226D /* EeseUITestsLaunchTests.swift */; };
/* End PBXBuildFile section */

/* Begin PBXContainerItemProxy section */
		7F094A6C2C1BBB6500E5226D /* PBXContainerItemProxy */ = {
			isa = PBXContainerItemProxy;
			containerPortal = 7F094A532C1BBB6300E5226D /* Project object */;
			proxyType = 1;
			remoteGlobalIDString = 7F094A5A2C1BBB6300E5226D;
			remoteInfo = Eese;
		};
		7F094A762C1BBB6500E5226D /* PBXContainerItemProxy */ = {
			isa = PBXContainerItemProxy;
			containerPortal = 7F094A532C1BBB6300E5226D /* Project object */;
			proxyType = 1;
			remoteGlobalIDString = 7F094A5A2C1BBB6300E5226D;
			remoteInfo = Eese;
		};
/* End PBXContainerItemProxy section */

/* Begin PBXFileReference section */
		7F094A5B2C1BBB6300E5226D /* Eese.app */ = {isa = PBXFileReference; explicitFileType = wrapper.application; includeInIndex = 0; path = Eese.app; sourceTree = BUILT_PRODUCTS_DIR; };
		7F094A5E2C1BBB6300E5226D /* EeseApp.swift */ = {isa = PBXFileReference; lastKnownFileType = sourcecode.swift; path = EeseApp.swift; sourceTree = "<group>"; };
		7F094A602C1BBB6300E5226D /* ContentView.swift */ = {isa = PBXFileReference; lastKnownFileType = sourcecode.swift; path = ContentView.swift; sourceTree = "<group>"; };
		7F094A622C1BBB6500E5226D /* Assets.xcassets */ = {isa = PBXFileReference; lastKnownFileType = folder.assetcatalog; path = Assets.xcassets; sourceTree = "<group>"; };
		7F094A652C1BBB6500E5226D /* Preview Assets.xcassets */ = {isa = PBXFileReference; lastKnownFileType = folder.assetcatalog; path = "Preview Assets.xcassets"; sourceTree = "<group>"; };
		7F094A6B2C1BBB6500E5226D /* EeseTests.xctest */ = {isa = PBXFileReference; explicitFileType = wrapper.cfbundle; includeInIndex = 0; path = EeseTests.xctest; sourceTree = BUILT_PRODUCTS_DIR; };
		7F094A6F2C1BBB6500E5226D /* EeseTests.swift */ = {isa = PBXFileReference; lastKnownFileType = sourcecode.swift; path = EeseTests.swift; sourceTree = "<group>"; };
		7F094A752C1BBB6500E5226D /* EeseUITests.xctest */ = {isa = PBXFileReference; explicitFileType = wrapper.cfbundle; includeInIndex = 0; path = EeseUITests.xctest; sourceTree = BUILT_PRODUCTS_DIR; };
		7F094A792C1BBB6500E5226D /* EeseUITests.swift */ = {isa = PBXFileReference; lastKnownFileType = sourcecode.swift; path = EeseUITests.swift; sourceTree = "<group>"; };
		7F094A7B2C1BBB6500E5226D /* EeseUITestsLaunchTests.swift */ = {isa = PBXFileReference; lastKnownFileType = sourcecode.swift; path = EeseUITestsLaunchTests.swift; sourceTree = "<group>"; };
/* End PBXFileReference section */

/* Begin PBXFrameworksBuildPhase section */
		7F094A582C1BBB6300E5226D /* Frameworks */ = {
			isa = PBXFrameworksBuildPhase;
			buildActionMask = 2147483647;
			files = (
			);
			runOnlyForDeploymentPostprocessing = 0;
		};
		7F094A682C1BBB6500E5226D /* Frameworks */ = {
			isa = PBXFrameworksBuildPhase;
			buildActionMask = 2147483647;
			files = (
			);
			runOnlyForDeploymentPostprocessing = 0;
		};
		7F094A722C1BBB6500E5226D /* Frameworks */ = {
			isa = PBXFrameworksBuildPhase;
			buildActionMask = 2147483647;
			files = (
			);
			runOnlyForDeploymentPostprocessing = 0;
		};
/* End PBXFrameworksBuildPhase section */

/* Begin PBXGroup section */
		7F094A522C1BBB6300E5226D = {
			isa = PBXGroup;
			children = (
				7F094A5D2C1BBB6300E5226D /* Eese */,
				7F094A6E2C1BBB6500E5226D /* EeseTests */,
				7F094A782C1BBB6500E5226D /* EeseUITests */,
				7F094A5C2C1BBB6300E5226D /* Products */,
			);
			sourceTree = "<group>";
		};
		7F094A5C2C1BBB6300E5226D /* Products */ = {
			isa = PBXGroup;
			children = (
				7F094A5B2C1BBB6300E5226D /* Eese.app */,
				7F094A6B2C1BBB6500E5226D /* EeseTests.xctest */,
				7F094A752C1BBB6500E5226D /* EeseUITests.xctest */,
			);
			name = Products;
			sourceTree = "<group>";
		};
		7F094A5D2C1BBB6300E5226D /* Eese */ = {
			isa = PBXGroup;
			children = (
				7F094A5E2C1BBB6300E5226D /* EeseApp.swift */,
				7F094A602C1BBB6300E5226D /* ContentView.swift */,
				7F094A622C1BBB6500E5226D /* Assets.xcassets */,
				7F094A642C1BBB6500E5226D /* Preview Content */,
			);
			path = Eese;
			sourceTree = "<group>";
		};
		7F094A642C1BBB6500E5226D /* Preview Content */ = {
			isa = PBXGroup;
			children = (
				7F094A652C1BBB6500E5226D /* Preview Assets.xcassets */,
			);
			path = "Preview Content";
			sourceTree = "<group>";
		};
		7F094A6E2C1BBB6500E5226D /* EeseTests */ = {
			isa = PBXGroup;
			children = (
				7F094A6F2C1BBB6500E5226D /* EeseTests.swift */,
			);
			path = EeseTests;
			sourceTree = "<group>";
		};
		7F094A782C1BBB6500E5226D /* EeseUITests */ = {
			isa = PBXGroup;
			children = (
				7F094A792C1BBB6500E5226D /* EeseUITests.swift */,
				7F094A7B2C1BBB6500E5226D /* EeseUITestsLaunchTests.swift */,
			);
			path = EeseUITests;
			sourceTree = "<group>";
		};
/* End PBXGroup section */

/* Begin PBXNativeTarget section */
		7F094A5A2C1BBB6300E5226D /* Eese */ = {
			isa = PBXNativeTarget;
			buildConfigurationList = 7F094A7F2C1BBB6500E5226D /* Build configuration list for PBXNativeTarget "Eese" */;
			buildPhases = (
				7F094A572C1BBB6300E5226D /* Sources */,
				7F094A582C1BBB6300E5226D /* Frameworks */,
				7F094A592C1BBB6300E5226D /* Resources */,
			);
			buildRules = (
			);
			dependencies = (
			);
			name = Eese;
			productName = Eese;
			productReference = 7F094A5B2C1BBB6300E5226D /* Eese.app */;
			productType = "com.apple.product-type.application";
		};
		7F094A6A2C1BBB6500E5226D /* EeseTests */ = {
			isa = PBXNativeTarget;
			buildConfigurationList = 7F094A822C1BBB6500E5226D /* Build configuration list for PBXNativeTarget "EeseTests" */;
			buildPhases = (
				7F094A672C1BBB6500E5226D /* Sources */,
				7F094A682C1BBB6500E5226D /* Frameworks */,
				7F094A692C1BBB6500E5226D /* Resources */,
			);
			buildRules = (
			);
			dependencies = (
				7F094A6D2C1BBB6500E5226D /* PBXTargetDependency */,
			);
			name = EeseTests;
			productName = EeseTests;
			productReference = 7F094A6B2C1BBB6500E5226D /* EeseTests.xctest */;
			productType = "com.apple.product-type.bundle.unit-test";
		};
		7F094A742C1BBB6500E5226D /* EeseUITests */ = {
			isa = PBXNativeTarget;
			buildConfigurationList = 7F094A852C1BBB6500E5226D /* Build configuration list for PBXNativeTarget "EeseUITests" */;
			buildPhases = (
				7F094A712C1BBB6500E5226D /* Sources */,
				7F094A722C1BBB6500E5226D /* Frameworks */,
				7F094A732C1BBB6500E5226D /* Resources */,
			);
			buildRules = (
			);
			dependencies = (
				7F094A772C1BBB6500E5226D /* PBXTargetDependency */,
			);
			name = EeseUITests;
			productName = EeseUITests;
			productReference = 7F094A752C1BBB6500E5226D /* EeseUITests.xctest */;
			productType = "com.apple.product-type.bundle.ui-testing";
		};
/* End PBXNativeTarget section */

/* Begin PBXProject section */
		7F094A532C1BBB6300E5226D /* Project object */ = {
			isa = PBXProject;
			attributes = {
				BuildIndependentTargetsInParallel = 1;
				LastSwiftUpdateCheck = 1540;
				LastUpgradeCheck = 1540;
				TargetAttributes = {
					7F094A5A2C1BBB6300E5226D = {
						CreatedOnToolsVersion = 15.4;
					};
					7F094A6A2C1BBB6500E5226D = {
						CreatedOnToolsVersion = 15.4;
						TestTargetID = 7F094A5A2C1BBB6300E5226D;
					};
					7F094A742C1BBB6500E5226D = {
						CreatedOnToolsVersion = 15.4;
						TestTargetID = 7F094A5A2C1BBB6300E5226D;
					};
				};
			};
			buildConfigurationList = 7F094A562C1BBB6300E5226D /* Build configuration list for PBXProject "Eese" */;
			compatibilityVersion = "Xcode 14.0";
			developmentRegion = en;
			hasScannedForEncodings = 0;
			knownRegions = (
				en,
				Base,
			);
			mainGroup = 7F094A522C1BBB6300E5226D;
			productRefGroup = 7F094A5C2C1BBB6300E5226D /* Products */;
			projectDirPath = "";
			projectRoot = "";
			targets = (
				7F094A5A2C1BBB6300E5226D /* Eese */,
				7F094A6A2C1BBB6500E5226D /* EeseTests */,
				7F094A742C1BBB6500E5226D /* EeseUITests */,
			);
		};
/* End PBXProject section */

/* Begin PBXResourcesBuildPhase section */
		7F094A592C1BBB6300E5226D /* Resources */ = {
			isa = PBXResourcesBuildPhase;
			buildActionMask = 2147483647;
			files = (
				7F094A662C1BBB6500E5226D /* Preview Assets.xcassets in Resources */,
				7F094A632C1BBB6500E5226D /* Assets.xcassets in Resources */,
			);
			runOnlyForDeploymentPostprocessing = 0;
		};
		7F094A692C1BBB6500E5226D /* Resources */ = {
			isa = PBXResourcesBuildPhase;
			buildActionMask = 2147483647;
			files = (
			);
			runOnlyForDeploymentPostprocessing = 0;
		};
		7F094A732C1BBB6500E5226D /* Resources */ = {
			isa = PBXResourcesBuildPhase;
			buildActionMask = 2147483647;
			files = (
			);
			runOnlyForDeploymentPostprocessing = 0;
		};
/* End PBXResourcesBuildPhase section */

/* Begin PBXSourcesBuildPhase section */
		7F094A572C1BBB6300E5226D /* Sources */ = {
			isa = PBXSourcesBuildPhase;
			buildActionMask = 2147483647;
			files = (
				7F094A612C1BBB6300E5226D /* ContentView.swift in Sources */,
				7F094A5F2C1BBB6300E5226D /* EeseApp.swift in Sources */,
			);
			runOnlyForDeploymentPostprocessing = 0;
		};
		7F094A672C1BBB6500E5226D /* Sources */ = {
			isa = PBXSourcesBuildPhase;
			buildActionMask = 2147483647;
			files = (
				7F094A702C1BBB6500E5226D /* EeseTests.swift in Sources */,
			);
			runOnlyForDeploymentPostprocessing = 0;
		};
		7F094A712C1BBB6500E5226D /* Sources */ = {
			isa = PBXSourcesBuildPhase;
			buildActionMask = 2147483647;
			files = (
				7F094A7C2C1BBB6500E5226D /* EeseUITestsLaunchTests.swift in Sources */,
				7F094A7A2C1BBB6500E5226D /* EeseUITests.swift in Sources */,
			);
			runOnlyForDeploymentPostprocessing = 0;
		};
/* End PBXSourcesBuildPhase section */

/* Begin PBXTargetDependency section */
		7F094A6D2C1BBB6500E5226D /* PBXTargetDependency */ = {
			isa = PBXTargetDependency;
			target = 7F094A5A2C1BBB6300E5226D /* Eese */;
			targetProxy = 7F094A6C2C1BBB6500E5226D /* PBXContainerItemProxy */;
		};
		7F094A772C1BBB6500E5226D /* PBXTargetDependency */ = {
			isa = PBXTargetDependency;
			target = 7F094A5A2C1BBB6300E5226D /* Eese */;
			targetProxy = 7F094A762C1BBB6500E5226D /* PBXContainerItemProxy */;
		};
/* End PBXTargetDependency section */

/* Begin XCBuildConfiguration section */
		7F094A7D2C1BBB6500E5226D /* Debug */ = {
			isa = XCBuildConfiguration;
			buildSettings = {
				ALWAYS_SEARCH_USER_PATHS = NO;
				ASSETCATALOG_COMPILER_GENERATE_SWIFT_ASSET_SYMBOL_EXTENSIONS = YES;
				CLANG_ANALYZER_NONNULL = YES;
				CLANG_ANALYZER_NUMBER_OBJECT_CONVERSION = YES_AGGRESSIVE;
				CLANG_CXX_LANGUAGE_STANDARD = "gnu++20";
				CLANG_ENABLE_MODULES = YES;
				CLANG_ENABLE_OBJC_ARC = YES;
				CLANG_ENABLE_OBJC_WEAK = YES;
				CLANG_WARN_BLOCK_CAPTURE_AUTORELEASING = YES;
				CLANG_WARN_BOOL_CONVERSION = YES;
				CLANG_WARN_COMMA = YES;
				CLANG_WARN_CONSTANT_CONVERSION = YES;
				CLANG_WARN_DEPRECATED_OBJC_IMPLEMENTATIONS = YES;
				CLANG_WARN_DIRECT_OBJC_ISA_USAGE = YES_ERROR;
				CLANG_WARN_DOCUMENTATION_COMMENTS = YES;
				CLANG_WARN_EMPTY_BODY = YES;
				CLANG_WARN_ENUM_CONVERSION = YES;
				CLANG_WARN_INFINITE_RECURSION = YES;
				CLANG_WARN_INT_CONVERSION = YES;
				CLANG_WARN_NON_LITERAL_NULL_CONVERSION = YES;
				CLANG_WARN_OBJC_IMPLICIT_RETAIN_SELF = YES;
				CLANG_WARN_OBJC_LITERAL_CONVERSION = YES;
				CLANG_WARN_OBJC_ROOT_CLASS = YES_ERROR;
				CLANG_WARN_QUOTED_INCLUDE_IN_FRAMEWORK_HEADER = YES;
				CLANG_WARN_RANGE_LOOP_ANALYSIS = YES;
				CLANG_WARN_STRICT_PROTOTYPES = YES;
				CLANG_WARN_SUSPICIOUS_MOVE = YES;
				CLANG_WARN_UNGUARDED_AVAILABILITY = YES_AGGRESSIVE;
				CLANG_WARN_UNREACHABLE_CODE = YES;
				CLANG_WARN__DUPLICATE_METHOD_MATCH = YES;
				COPY_PHASE_STRIP = NO;
				DEBUG_INFORMATION_FORMAT = dwarf;
				ENABLE_STRICT_OBJC_MSGSEND = YES;
				ENABLE_TESTABILITY = YES;
				ENABLE_USER_SCRIPT_SANDBOXING = YES;
				GCC_C_LANGUAGE_STANDARD = gnu17;
				GCC_DYNAMIC_NO_PIC = NO;
				GCC_NO_COMMON_BLOCKS = YES;
				GCC_OPTIMIZATION_LEVEL = 0;
				GCC_PREPROCESSOR_DEFINITIONS = (
					"DEBUG=1",
					"$(inherited)",
				);
				GCC_WARN_64_TO_32_BIT_CONVERSION = YES;
				GCC_WARN_ABOUT_RETURN_TYPE = YES_ERROR;
				GCC_WARN_UNDECLARED_SELECTOR = YES;
				GCC_WARN_UNINITIALIZED_AUTOS = YES_AGGRESSIVE;
				GCC_WARN_UNUSED_FUNCTION = YES;
				GCC_WARN_UNUSED_VARIABLE = YES;
				IPHONEOS_DEPLOYMENT_TARGET = 17.5;
				LOCALIZATION_PREFERS_STRING_CATALOGS = YES;
				MTL_ENABLE_DEBUG_INFO = INCLUDE_SOURCE;
				MTL_FAST_MATH = YES;
				ONLY_ACTIVE_ARCH = YES;
				SDKROOT = iphoneos;
				SWIFT_ACTIVE_COMPILATION_CONDITIONS = "DEBUG $(inherited)";
				SWIFT_OPTIMIZATION_LEVEL = "-Onone";
			};
			name = Debug;
		};
		7F094A7E2C1BBB6500E5226D /* Release */ = {
			isa = XCBuildConfiguration;
			buildSettings = {
				ALWAYS_SEARCH_USER_PATHS = NO;
				ASSETCATALOG_COMPILER_GENERATE_SWIFT_ASSET_SYMBOL_EXTENSIONS = YES;
				CLANG_ANALYZER_NONNULL = YES;
				CLANG_ANALYZER_NUMBER_OBJECT_CONVERSION = YES_AGGRESSIVE;
				CLANG_CXX_LANGUAGE_STANDARD = "gnu++20";
				CLANG_ENABLE_MODULES = YES;
				CLANG_ENABLE_OBJC_ARC = YES;
				CLANG_ENABLE_OBJC_WEAK = YES;
				CLANG_WARN_BLOCK_CAPTURE_AUTORELEASING = YES;
				CLANG_WARN_BOOL_CONVERSION = YES;
				CLANG_WARN_COMMA = YES;
				CLANG_WARN_CONSTANT_CONVERSION = YES;
				CLANG_WARN_DEPRECATED_OBJC_IMPLEMENTATIONS = YES;
				CLANG_WARN_DIRECT_OBJC_ISA_USAGE = YES_ERROR;
				CLANG_WARN_DOCUMENTATION_COMMENTS = YES;
				CLANG_WARN_EMPTY_BODY = YES;
				CLANG_WARN_ENUM_CONVERSION = YES;
				CLANG_WARN_INFINITE_RECURSION = YES;
				CLANG_WARN_INT_CONVERSION = YES;
				CLANG_WARN_NON_LITERAL_NULL_CONVERSION = YES;
				CLANG_WARN_OBJC_IMPLICIT_RETAIN_SELF = YES;
				CLANG_WARN_OBJC_LITERAL_CONVERSION = YES;
				CLANG_WARN_OBJC_ROOT_CLASS = YES_ERROR;
				CLANG_WARN_QUOTED_INCLUDE_IN_FRAMEWORK_HEADER = YES;
				CLANG_WARN_RANGE_LOOP_ANALYSIS = YES;
				CLANG_WARN_STRICT_PROTOTYPES = YES;
				CLANG_WARN_SUSPICIOUS_MOVE = YES;
				CLANG_WARN_UNGUARDED_AVAILABILITY = YES_AGGRESSIVE;
				CLANG_WARN_UNREACHABLE_CODE = YES;
				CLANG_WARN__DUPLICATE_METHOD_MATCH = YES;
				COPY_PHASE_STRIP = NO;
				DEBUG_INFORMATION_FORMAT = "dwarf-with-dsym";
				ENABLE_NS_ASSERTIONS = NO;
				ENABLE_STRICT_OBJC_MSGSEND = YES;
				ENABLE_USER_SCRIPT_SANDBOXING = YES;
				GCC_C_LANGUAGE_STANDARD = gnu17;
				GCC_NO_COMMON_BLOCKS = YES;
				GCC_WARN_64_TO_32_BIT_CONVERSION = YES;
				GCC_WARN_ABOUT_RETURN_TYPE = YES_ERROR;
				GCC_WARN_UNDECLARED_SELECTOR = YES;
				GCC_WARN_UNINITIALIZED_AUTOS = YES_AGGRESSIVE;
				GCC_WARN_UNUSED_FUNCTION = YES;
				GCC_WARN_UNUSED_VARIABLE = YES;
				IPHONEOS_DEPLOYMENT_TARGET = 17.5;
				LOCALIZATION_PREFERS_STRING_CATALOGS = YES;
				MTL_ENABLE_DEBUG_INFO = NO;
				MTL_FAST_MATH = YES;
				SDKROOT = iphoneos;
				SWIFT_COMPILATION_MODE = wholemodule;
				VALIDATE_PRODUCT = YES;
			};
			name = Release;
		};
		7F094A802C1BBB6500E5226D /* Debug */ = {
			isa = XCBuildConfiguration;
			buildSettings = {
				ASSETCATALOG_COMPILER_APPICON_NAME = AppIcon;
				ASSETCATALOG_COMPILER_GLOBAL_ACCENT_COLOR_NAME = AccentColor;
				CODE_SIGN_STYLE = Automatic;
				CURRENT_PROJECT_VERSION = 1;
				DEVELOPMENT_ASSET_PATHS = "\"Eese/Preview Content\"";
				ENABLE_PREVIEWS = YES;
				GENERATE_INFOPLIST_FILE = YES;
				INFOPLIST_KEY_UIApplicationSceneManifest_Generation = YES;
				INFOPLIST_KEY_UIApplicationSupportsIndirectInputEvents = YES;
				INFOPLIST_KEY_UILaunchScreen_Generation = YES;
				INFOPLIST_KEY_UISupportedInterfaceOrientations_iPad = "UIInterfaceOrientationPortrait UIInterfaceOrientationPortraitUpsideDown UIInterfaceOrientationLandscapeLeft UIInterfaceOrientationLandscapeRight";
				INFOPLIST_KEY_UISupportedInterfaceOrientations_iPhone = "UIInterfaceOrientationPortrait UIInterfaceOrientationLandscapeLeft UIInterfaceOrientationLandscapeRight";
				LD_RUNPATH_SEARCH_PATHS = (
					"$(inherited)",
					"@executable_path/Frameworks",
				);
				MARKETING_VERSION = 1.0;
				PRODUCT_BUNDLE_IDENTIFIER = com.eese.Eese;
				PRODUCT_NAME = "$(TARGET_NAME)";
				SWIFT_EMIT_LOC_STRINGS = YES;
				SWIFT_VERSION = 5.0;
				TARGETED_DEVICE_FAMILY = "1,2";
			};
			name = Debug;
		};
		7F094A812C1BBB6500E5226D /* Release */ = {
			isa = XCBuildConfiguration;
			buildSettings = {
				ASSETCATALOG_COMPILER_APPICON_NAME = AppIcon;
				ASSETCATALOG_COMPILER_GLOBAL_ACCENT_COLOR_NAME = AccentColor;
				CODE_SIGN_STYLE = Automatic;
				CURRENT_PROJECT_VERSION = 1;
				DEVELOPMENT_ASSET_PATHS = "\"Eese/Preview Content\"";
				ENABLE_PREVIEWS = YES;
				GENERATE_INFOPLIST_FILE = YES;
				INFOPLIST_KEY_UIApplicationSceneManifest_Generation = YES;
				INFOPLIST_KEY_UIApplicationSupportsIndirectInputEvents = YES;
				INFOPLIST_KEY_UILaunchScreen_Generation = YES;
				INFOPLIST_KEY_UISupportedInterfaceOrientations_iPad = "UIInterfaceOrientationPortrait UIInterfaceOrientationPortraitUpsideDown UIInterfaceOrientationLandscapeLeft UIInterfaceOrientationLandscapeRight";
				INFOPLIST_KEY_UISupportedInterfaceOrientations_iPhone = "UIInterfaceOrientationPortrait UIInterfaceOrientationLandscapeLeft UIInterfaceOrientationLandscapeRight";
				LD_RUNPATH_SEARCH_PATHS = (
					"$(inherited)",
					"@executable_path/Frameworks",
				);
				MARKETING_VERSION = 1.0;
				PRODUCT_BUNDLE_IDENTIFIER = com.eese.Eese;
				PRODUCT_NAME = "$(TARGET_NAME)";
				SWIFT_EMIT_LOC_STRINGS = YES;
				SWIFT_VERSION = 5.0;
				TARGETED_DEVICE_FAMILY = "1,2";
			};
			name = Release;
		};
		7F094A832C1BBB6500E5226D /* Debug */ = {
			isa = XCBuildConfiguration;
			buildSettings = {
				ALWAYS_EMBED_SWIFT_STANDARD_LIBRARIES = YES;
				BUNDLE_LOADER = "$(TEST_HOST)";
				CODE_SIGN_STYLE = Automatic;
				CURRENT_PROJECT_VERSION = 1;
				GENERATE_INFOPLIST_FILE = YES;
				IPHONEOS_DEPLOYMENT_TARGET = 17.5;
				MARKETING_VERSION = 1.0;
				PRODUCT_BUNDLE_IDENTIFIER = com.eese.EeseTests;
				PRODUCT_NAME = "$(TARGET_NAME)";
				SWIFT_EMIT_LOC_STRINGS = NO;
				SWIFT_VERSION = 5.0;
				TARGETED_DEVICE_FAMILY = "1,2";
				TEST_HOST = "$(BUILT_PRODUCTS_DIR)/Eese.app/$(BUNDLE_EXECUTABLE_FOLDER_PATH)/Eese";
			};
			name = Debug;
		};
		7F094A842C1BBB6500E5226D /* Release */ = {
			isa = XCBuildConfiguration;
			buildSettings = {
				ALWAYS_EMBED_SWIFT_STANDARD_LIBRARIES = YES;
				BUNDLE_LOADER = "$(TEST_HOST)";
				CODE_SIGN_STYLE = Automatic;
				CURRENT_PROJECT_VERSION = 1;
				GENERATE_INFOPLIST_FILE = YES;
				IPHONEOS_DEPLOYMENT_TARGET = 17.5;
				MARKETING_VERSION = 1.0;
				PRODUCT_BUNDLE_IDENTIFIER = com.eese.EeseTests;
				PRODUCT_NAME = "$(TARGET_NAME)";
				SWIFT_EMIT_LOC_STRINGS = NO;
				SWIFT_VERSION = 5.0;
				TARGETED_DEVICE_FAMILY = "1,2";
				TEST_HOST = "$(BUILT_PRODUCTS_DIR)/Eese.app/$(BUNDLE_EXECUTABLE_FOLDER_PATH)/Eese";
			};
			name = Release;
		};
		7F094A862C1BBB6500E5226D /* Debug */ = {
			isa = XCBuildConfiguration;
			buildSettings = {
				ALWAYS_EMBED_SWIFT_STANDARD_LIBRARIES = YES;
				CODE_SIGN_STYLE = Automatic;
				CURRENT_PROJECT_VERSION = 1;
				GENERATE_INFOPLIST_FILE = YES;
				MARKETING_VERSION = 1.0;
				PRODUCT_BUNDLE_IDENTIFIER = com.eese.EeseUITests;
				PRODUCT_NAME = "$(TARGET_NAME)";
				SWIFT_EMIT_LOC_STRINGS = NO;
				SWIFT_VERSION = 5.0;
				TARGETED_DEVICE_FAMILY = "1,2";
				TEST_TARGET_NAME = Eese;
			};
			name = Debug;
		};
		7F094A872C1BBB6500E5226D /* Release */ = {
			isa = XCBuildConfiguration;
			buildSettings = {
				ALWAYS_EMBED_SWIFT_STANDARD_LIBRARIES = YES;
				CODE_SIGN_STYLE = Automatic;
				CURRENT_PROJECT_VERSION = 1;
				GENERATE_INFOPLIST_FILE = YES;
				MARKETING_VERSION = 1.0;
				PRODUCT_BUNDLE_IDENTIFIER = com.eese.EeseUITests;
				PRODUCT_NAME = "$(TARGET_NAME)";
				SWIFT_EMIT_LOC_STRINGS = NO;
				SWIFT_VERSION = 5.0;
				TARGETED_DEVICE_FAMILY = "1,2";
				TEST_TARGET_NAME = Eese;
			};
			name = Release;
		};
/* End XCBuildConfiguration section */

/* Begin XCConfigurationList section */
		7F094A562C1BBB6300E5226D /* Build configuration list for PBXProject "Eese" */ = {
			isa = XCConfigurationList;
			buildConfigurations = (
				7F094A7D2C1BBB6500E5226D /* Debug */,
				7F094A7E2C1BBB6500E5226D /* Release */,
			);
			defaultConfigurationIsVisible = 0;
			defaultConfigurationName = Release;
		};
		7F094A7F2C1BBB6500E5226D /* Build configuration list for PBXNativeTarget "Eese" */ = {
			isa = XCConfigurationList;
			buildConfigurations = (
				7F094A802C1BBB6500E5226D /* Debug */,
				7F094A812C1BBB6500E5226D /* Release */,
			);
			defaultConfigurationIsVisible = 0;
			defaultConfigurationName = Release;
		};
		7F094A822C1BBB6500E5226D /* Build configuration list for PBXNativeTarget "EeseTests" */ = {
			isa = XCConfigurationList;
			buildConfigurations = (
				7F094A832C1BBB6500E5226D /* Debug */,
				7F094A842C1BBB6500E5226D /* Release */,
			);
			defaultConfigurationIsVisible = 0;
			defaultConfigurationName = Release;
		};
		7F094A852C1BBB6500E5226D /* Build configuration list for PBXNativeTarget "EeseUITests" */ = {
			isa = XCConfigurationList;
			buildConfigurations = (
				7F094A862C1BBB6500E5226D /* Debug */,
				7F094A872C1BBB6500E5226D /* Release */,
			);
			defaultConfigurationIsVisible = 0;
			defaultConfigurationName = Release;
		};
/* End XCConfigurationList section */
	};
	rootObject = 7F094A532C1BBB6300E5226D /* Project object */;
}
